
Microsoft Visual Studio Solution File, Format Version 12.00
# Visual Studio Version 16
VisualStudioVersion = 16.0.28803.916
MinimumVisualStudioVersion = 10.0.40219.1
Project("{FAE04EC0-301F-11D3-BF4B-00C04F79EFBC}") = "Psalario", "Psalario\Psalario.csproj", "{AF208456-9D4C-43CA-ACE8-6953CF851B7C}"
EndProject
Global
	GlobalSection(SolutionConfigurationPlatforms) = preSolution
		Debug|Any CPU = Debug|Any CPU
		Release|Any CPU = Release|Any CPU
	EndGlobalSection
	GlobalSection(ProjectConfigurationPlatforms) = postSolution
		{AF208456-9D4C-43CA-ACE8-6953CF851B7C}.Debug|Any CPU.ActiveCfg = Debug|Any CPU
		{AF208456-9D4C-43CA-ACE8-6953CF851B7C}.Debug|Any CPU.Build.0 = Debug|Any CPU
		{AF208456-9D4C-43CA-ACE8-6953CF851B7C}.Release|Any CPU.ActiveCfg = Release|Any CPU
		{AF208456-9D4C-43CA-ACE8-6953CF851B7C}.Release|Any CPU.Build.0 = Release|Any CPU
	EndGlobalSection
	GlobalSection(SolutionProperties) = preSolution
		HideSolutionNode = FALSE
	EndGlobalSection
	GlobalSection(ExtensibilityGlobals) = postSolution
		SolutionGuid = {1C54315C-9F45-4ABC-B094-AB1B9B99FBFD}
	EndGlobalSection
EndGlobal
